
Microsoft Visual Studio Solution File, Format Version 12.00
# Visual Studio 15
VisualStudioVersion = 15.0.28307.271
MinimumVisualStudioVersion = 10.0.40219.1
Project("{FAE04EC0-301F-11D3-BF4B-00C04F79EFBC}") = "SnackBar.Android", "SnackBar\SnackBar.Android\SnackBar.Android.csproj", "{7CDD6CC6-ECFF-4165-8246-2EF73FDEFE16}"
EndProject
Project("{FAE04EC0-301F-11D3-BF4B-00C04F79EFBC}") = "SnackBar.iOS", "SnackBar\SnackBar.iOS\SnackBar.iOS.csproj", "{71E0863C-C3E4-4E57-B817-A1D9A2E98D42}"
EndProject
Project("{FAE04EC0-301F-11D3-BF4B-00C04F79EFBC}") = "SnackBar", "SnackBar\SnackBar\SnackBar.csproj", "{8185AF57-6717-4726-AB0C-B99B50A116CC}"
EndProject
Global
	GlobalSection(SolutionConfigurationPlatforms) = preSolution
		Ad-Hoc|Any CPU = Ad-Hoc|Any CPU
		Ad-Hoc|iPhone = Ad-Hoc|iPhone
		Ad-Hoc|iPhoneSimulator = Ad-Hoc|iPhoneSimulator
		AppStore|Any CPU = AppStore|Any CPU
		AppStore|iPhone = AppStore|iPhone
		AppStore|iPhoneSimulator = AppStore|iPhoneSimulator
		Debug|Any CPU = Debug|Any CPU
		Debug|iPhone = Debug|iPhone
		Debug|iPhoneSimulator = Debug|iPhoneSimulator
		Release|Any CPU = Release|Any CPU
		Release|iPhone = Release|iPhone
		Release|iPhoneSimulator = Release|iPhoneSimulator
	EndGlobalSection
	GlobalSection(ProjectConfigurationPlatforms) = postSolution
		{7CDD6CC6-ECFF-4165-8246-2EF73FDEFE16}.Ad-Hoc|Any CPU.ActiveCfg = Release|Any CPU
		{7CDD6CC6-ECFF-4165-8246-2EF73FDEFE16}.Ad-Hoc|Any CPU.Build.0 = Release|Any CPU
		{7CDD6CC6-ECFF-4165-8246-2EF73FDEFE16}.Ad-Hoc|Any CPU.Deploy.0 = Release|Any CPU
		{7CDD6CC6-ECFF-4165-8246-2EF73FDEFE16}.Ad-Hoc|iPhone.ActiveCfg = Release|Any CPU
		{7CDD6CC6-ECFF-4165-8246-2EF73FDEFE16}.Ad-Hoc|iPhone.Build.0 = Release|Any CPU
		{7CDD6CC6-ECFF-4165-8246-2EF73FDEFE16}.Ad-Hoc|iPhone.Deploy.0 = Release|Any CPU
		{7CDD6CC6-ECFF-4165-8246-2EF73FDEFE16}.Ad-Hoc|iPhoneSimulator.ActiveCfg = Release|Any CPU
		{7CDD6CC6-ECFF-4165-8246-2EF73FDEFE16}.Ad-Hoc|iPhoneSimulator.Build.0 = Release|Any CPU
		{7CDD6CC6-ECFF-4165-8246-2EF73FDEFE16}.Ad-Hoc|iPhoneSimulator.Deploy.0 = Release|Any CPU
		{7CDD6CC6-ECFF-4165-8246-2EF73FDEFE16}.AppStore|Any CPU.ActiveCfg = Release|Any CPU
		{7CDD6CC6-ECFF-4165-8246-2EF73FDEFE16}.AppStore|Any CPU.Build.0 = Release|Any CPU
		{7CDD6CC6-ECFF-4165-8246-2EF73FDEFE16}.AppStore|Any CPU.Deploy.0 = Release|Any CPU
		{7CDD6CC6-ECFF-4165-8246-2EF73FDEFE16}.AppStore|iPhone.ActiveCfg = Release|Any CPU
		{7CDD6CC6-ECFF-4165-8246-2EF73FDEFE16}.AppStore|iPhone.Build.0 = Release|Any CPU
		{7CDD6CC6-ECFF-4165-8246-2EF73FDEFE16}.AppStore|iPhone.Deploy.0 = Release|Any CPU
		{7CDD6CC6-ECFF-4165-8246-2EF73FDEFE16}.AppStore|iPhoneSimulator.ActiveCfg = Release|Any CPU
		{7CDD6CC6-ECFF-4165-8246-2EF73FDEFE16}.AppStore|iPhoneSimulator.Build.0 = Release|Any CPU
		{7CDD6CC6-ECFF-4165-8246-2EF73FDEFE16}.AppStore|iPhoneSimulator.Deploy.0 = Release|Any CPU
		{7CDD6CC6-ECFF-4165-8246-2EF73FDEFE16}.Debug|Any CPU.ActiveCfg = Debug|Any CPU
		{7CDD6CC6-ECFF-4165-8246-2EF73FDEFE16}.Debug|Any CPU.Build.0 = Debug|Any CPU
		{7CDD6CC6-ECFF-4165-8246-2EF73FDEFE16}.Debug|Any CPU.Deploy.0 = Debug|Any CPU
		{7CDD6CC6-ECFF-4165-8246-2EF73FDEFE16}.Debug|iPhone.ActiveCfg = Debug|Any CPU
		{7CDD6CC6-ECFF-4165-8246-2EF73FDEFE16}.Debug|iPhone.Build.0 = Debug|Any CPU
		{7CDD6CC6-ECFF-4165-8246-2EF73FDEFE16}.Debug|iPhone.Deploy.0 = Debug|Any CPU
		{7CDD6CC6-ECFF-4165-8246-2EF73FDEFE16}.Debug|iPhoneSimulator.ActiveCfg = Debug|Any CPU
		{7CDD6CC6-ECFF-4165-8246-2EF73FDEFE16}.Debug|iPhoneSimulator.Build.0 = Debug|Any CPU
		{7CDD6CC6-ECFF-4165-8246-2EF73FDEFE16}.Debug|iPhoneSimulator.Deploy.0 = Debug|Any CPU
		{7CDD6CC6-ECFF-4165-8246-2EF73FDEFE16}.Release|Any CPU.ActiveCfg = Release|Any CPU
		{7CDD6CC6-ECFF-4165-8246-2EF73FDEFE16}.Release|Any CPU.Build.0 = Release|Any CPU
		{7CDD6CC6-ECFF-4165-8246-2EF73FDEFE16}.Release|Any CPU.Deploy.0 = Release|Any CPU
		{7CDD6CC6-ECFF-4165-8246-2EF73FDEFE16}.Release|iPhone.ActiveCfg = Release|Any CPU
		{7CDD6CC6-ECFF-4165-8246-2EF73FDEFE16}.Release|iPhone.Build.0 = Release|Any CPU
		{7CDD6CC6-ECFF-4165-8246-2EF73FDEFE16}.Release|iPhone.Deploy.0 = Release|Any CPU
		{7CDD6CC6-ECFF-4165-8246-2EF73FDEFE16}.Release|iPhoneSimulator.ActiveCfg = Release|Any CPU
		{7CDD6CC6-ECFF-4165-8246-2EF73FDEFE16}.Release|iPhoneSimulator.Build.0 = Release|Any CPU
		{7CDD6CC6-ECFF-4165-8246-2EF73FDEFE16}.Release|iPhoneSimulator.Deploy.0 = Release|Any CPU
		{71E0863C-C3E4-4E57-B817-A1D9A2E98D42}.Ad-Hoc|Any CPU.ActiveCfg = Ad-Hoc|iPhone
		{71E0863C-C3E4-4E57-B817-A1D9A2E98D42}.Ad-Hoc|Any CPU.Build.0 = Ad-Hoc|iPhone
		{71E0863C-C3E4-4E57-B817-A1D9A2E98D42}.Ad-Hoc|Any CPU.Deploy.0 = Ad-Hoc|iPhone
		{71E0863C-C3E4-4E57-B817-A1D9A2E98D42}.Ad-Hoc|iPhone.ActiveCfg = Ad-Hoc|iPhone
		{71E0863C-C3E4-4E57-B817-A1D9A2E98D42}.Ad-Hoc|iPhone.Build.0 = Ad-Hoc|iPhone
		{71E0863C-C3E4-4E57-B817-A1D9A2E98D42}.Ad-Hoc|iPhone.Deploy.0 = Ad-Hoc|iPhone
		{71E0863C-C3E4-4E57-B817-A1D9A2E98D42}.Ad-Hoc|iPhoneSimulator.ActiveCfg = Ad-Hoc|iPhoneSimulator
		{71E0863C-C3E4-4E57-B817-A1D9A2E98D42}.Ad-Hoc|iPhoneSimulator.Build.0 = Ad-Hoc|iPhoneSimulator
		{71E0863C-C3E4-4E57-B817-A1D9A2E98D42}.Ad-Hoc|iPhoneSimulator.Deploy.0 = Ad-Hoc|iPhoneSimulator
		{71E0863C-C3E4-4E57-B817-A1D9A2E98D42}.AppStore|Any CPU.ActiveCfg = AppStore|iPhone
		{71E0863C-C3E4-4E57-B817-A1D9A2E98D42}.AppStore|Any CPU.Build.0 = AppStore|iPhone
		{71E0863C-C3E4-4E57-B817-A1D9A2E98D42}.AppStore|Any CPU.Deploy.0 = AppStore|iPhone
		{71E0863C-C3E4-4E57-B817-A1D9A2E98D42}.AppStore|iPhone.ActiveCfg = AppStore|iPhone
		{71E0863C-C3E4-4E57-B817-A1D9A2E98D42}.AppStore|iPhone.Build.0 = AppStore|iPhone
		{71E0863C-C3E4-4E57-B817-A1D9A2E98D42}.AppStore|iPhone.Deploy.0 = AppStore|iPhone
		{71E0863C-C3E4-4E57-B817-A1D9A2E98D42}.AppStore|iPhoneSimulator.ActiveCfg = AppStore|iPhoneSimulator
		{71E0863C-C3E4-4E57-B817-A1D9A2E98D42}.AppStore|iPhoneSimulator.Build.0 = AppStore|iPhoneSimulator
		{71E0863C-C3E4-4E57-B817-A1D9A2E98D42}.AppStore|iPhoneSimulator.Deploy.0 = AppStore|iPhoneSimulator
		{71E0863C-C3E4-4E57-B817-A1D9A2E98D42}.Debug|Any CPU.ActiveCfg = Debug|iPhoneSimulator
		{71E0863C-C3E4-4E57-B817-A1D9A2E98D42}.Debug|Any CPU.Build.0 = Debug|iPhoneSimulator
		{71E0863C-C3E4-4E57-B817-A1D9A2E98D42}.Debug|Any CPU.Deploy.0 = Debug|iPhoneSimulator
		{71E0863C-C3E4-4E57-B817-A1D9A2E98D42}.Debug|iPhone.ActiveCfg = Debug|iPhone
		{71E0863C-C3E4-4E57-B817-A1D9A2E98D42}.Debug|iPhone.Build.0 = Debug|iPhone
		{71E0863C-C3E4-4E57-B817-A1D9A2E98D42}.Debug|iPhone.Deploy.0 = Debug|iPhone
		{71E0863C-C3E4-4E57-B817-A1D9A2E98D42}.Debug|iPhoneSimulator.ActiveCfg = Debug|iPhoneSimulator
		{71E0863C-C3E4-4E57-B817-A1D9A2E98D42}.Debug|iPhoneSimulator.Build.0 = Debug|iPhoneSimulator
		{71E0863C-C3E4-4E57-B817-A1D9A2E98D42}.Debug|iPhoneSimulator.Deploy.0 = Debug|iPhoneSimulator
		{71E0863C-C3E4-4E57-B817-A1D9A2E98D42}.Release|Any CPU.ActiveCfg = Release|iPhone
		{71E0863C-C3E4-4E57-B817-A1D9A2E98D42}.Release|Any CPU.Build.0 = Release|iPhone
		{71E0863C-C3E4-4E57-B817-A1D9A2E98D42}.Release|Any CPU.Deploy.0 = Release|iPhone
		{71E0863C-C3E4-4E57-B817-A1D9A2E98D42}.Release|iPhone.ActiveCfg = Release|iPhone
		{71E0863C-C3E4-4E57-B817-A1D9A2E98D42}.Release|iPhone.Build.0 = Release|iPhone
		{71E0863C-C3E4-4E57-B817-A1D9A2E98D42}.Release|iPhone.Deploy.0 = Release|iPhone
		{71E0863C-C3E4-4E57-B817-A1D9A2E98D42}.Release|iPhoneSimulator.ActiveCfg = Release|iPhoneSimulator
		{71E0863C-C3E4-4E57-B817-A1D9A2E98D42}.Release|iPhoneSimulator.Build.0 = Release|iPhoneSimulator
		{71E0863C-C3E4-4E57-B817-A1D9A2E98D42}.Release|iPhoneSimulator.Deploy.0 = Release|iPhoneSimulator
		{8185AF57-6717-4726-AB0C-B99B50A116CC}.Ad-Hoc|Any CPU.ActiveCfg = Debug|Any CPU
		{8185AF57-6717-4726-AB0C-B99B50A116CC}.Ad-Hoc|Any CPU.Build.0 = Debug|Any CPU
		{8185AF57-6717-4726-AB0C-B99B50A116CC}.Ad-Hoc|Any CPU.Deploy.0 = Debug|Any CPU
		{8185AF57-6717-4726-AB0C-B99B50A116CC}.Ad-Hoc|iPhone.ActiveCfg = Debug|Any CPU
		{8185AF57-6717-4726-AB0C-B99B50A116CC}.Ad-Hoc|iPhone.Build.0 = Debug|Any CPU
		{8185AF57-6717-4726-AB0C-B99B50A116CC}.Ad-Hoc|iPhone.Deploy.0 = Debug|Any CPU
		{8185AF57-6717-4726-AB0C-B99B50A116CC}.Ad-Hoc|iPhoneSimulator.ActiveCfg = Debug|Any CPU
		{8185AF57-6717-4726-AB0C-B99B50A116CC}.Ad-Hoc|iPhoneSimulator.Build.0 = Debug|Any CPU
		{8185AF57-6717-4726-AB0C-B99B50A116CC}.Ad-Hoc|iPhoneSimulator.Deploy.0 = Debug|Any CPU
		{8185AF57-6717-4726-AB0C-B99B50A116CC}.AppStore|Any CPU.ActiveCfg = Debug|Any CPU
		{8185AF57-6717-4726-AB0C-B99B50A116CC}.AppStore|Any CPU.Build.0 = Debug|Any CPU
		{8185AF57-6717-4726-AB0C-B99B50A116CC}.AppStore|Any CPU.Deploy.0 = Debug|Any CPU
		{8185AF57-6717-4726-AB0C-B99B50A116CC}.AppStore|iPhone.ActiveCfg = Debug|Any CPU
		{8185AF57-6717-4726-AB0C-B99B50A116CC}.AppStore|iPhone.Build.0 = Debug|Any CPU
		{8185AF57-6717-4726-AB0C-B99B50A116CC}.AppStore|iPhone.Deploy.0 = Debug|Any CPU
		{8185AF57-6717-4726-AB0C-B99B50A116CC}.AppStore|iPhoneSimulator.ActiveCfg = Debug|Any CPU
		{8185AF57-6717-4726-AB0C-B99B50A116CC}.AppStore|iPhoneSimulator.Build.0 = Debug|Any CPU
		{8185AF57-6717-4726-AB0C-B99B50A116CC}.AppStore|iPhoneSimulator.Deploy.0 = Debug|Any CPU
		{8185AF57-6717-4726-AB0C-B99B50A116CC}.Debug|Any CPU.ActiveCfg = Debug|Any CPU
		{8185AF57-6717-4726-AB0C-B99B50A116CC}.Debug|Any CPU.Build.0 = Debug|Any CPU
		{8185AF57-6717-4726-AB0C-B99B50A116CC}.Debug|Any CPU.Deploy.0 = Debug|Any CPU
		{8185AF57-6717-4726-AB0C-B99B50A116CC}.Debug|iPhone.ActiveCfg = Debug|Any CPU
		{8185AF57-6717-4726-AB0C-B99B50A116CC}.Debug|iPhone.Build.0 = Debug|Any CPU
		{8185AF57-6717-4726-AB0C-B99B50A116CC}.Debug|iPhone.Deploy.0 = Debug|Any CPU
		{8185AF57-6717-4726-AB0C-B99B50A116CC}.Debug|iPhoneSimulator.ActiveCfg = Debug|Any CPU
		{8185AF57-6717-4726-AB0C-B99B50A116CC}.Debug|iPhoneSimulator.Build.0 = Debug|Any CPU
		{8185AF57-6717-4726-AB0C-B99B50A116CC}.Debug|iPhoneSimulator.Deploy.0 = Debug|Any CPU
		{8185AF57-6717-4726-AB0C-B99B50A116CC}.Release|Any CPU.ActiveCfg = Release|Any CPU
		{8185AF57-6717-4726-AB0C-B99B50A116CC}.Release|Any CPU.Build.0 = Release|Any CPU
		{8185AF57-6717-4726-AB0C-B99B50A116CC}.Release|Any CPU.Deploy.0 = Release|Any CPU
		{8185AF57-6717-4726-AB0C-B99B50A116CC}.Release|iPhone.ActiveCfg = Release|Any CPU
		{8185AF57-6717-4726-AB0C-B99B50A116CC}.Release|iPhone.Build.0 = Release|Any CPU
		{8185AF57-6717-4726-AB0C-B99B50A116CC}.Release|iPhone.Deploy.0 = Release|Any CPU
		{8185AF57-6717-4726-AB0C-B99B50A116CC}.Release|iPhoneSimulator.ActiveCfg = Release|Any CPU
		{8185AF57-6717-4726-AB0C-B99B50A116CC}.Release|iPhoneSimulator.Build.0 = Release|Any CPU
		{8185AF57-6717-4726-AB0C-B99B50A116CC}.Release|iPhoneSimulator.Deploy.0 = Release|Any CPU
	EndGlobalSection
	GlobalSection(SolutionProperties) = preSolution
		HideSolutionNode = FALSE
	EndGlobalSection
	GlobalSection(ExtensibilityGlobals) = postSolution
		SolutionGuid = {CDD53C53-4629-4CDF-9839-8C33C8545136}
	EndGlobalSection
EndGlobal
